// !$*UTF8*$!
{
	archiveVersion = 1;
	classes = {
	};
	objectVersion = 50;
	objects = {

/* Begin PBXBuildFile section */
		3FDD38C3244FCD6D006A4C29 /* AppDelegate.swift in Sources */ = {isa = PBXBuildFile; fileRef = 3FDD38C2244FCD6D006A4C29 /* AppDelegate.swift */; };
		3FDD38C5244FCD6D006A4C29 /* SceneDelegate.swift in Sources */ = {isa = PBXBuildFile; fileRef = 3FDD38C4244FCD6D006A4C29 /* SceneDelegate.swift */; };
		3FDD38C7244FCD6D006A4C29 /* TodoViewController.swift in Sources */ = {isa = PBXBuildFile; fileRef = 3FDD38C6244FCD6D006A4C29 /* TodoViewController.swift */; };
		3FDD38CA244FCD6D006A4C29 /* Main.storyboard in Resources */ = {isa = PBXBuildFile; fileRef = 3FDD38C8244FCD6D006A4C29 /* Main.storyboard */; };
		3FDD38CC244FCD6F006A4C29 /* Assets.xcassets in Resources */ = {isa = PBXBuildFile; fileRef = 3FDD38CB244FCD6F006A4C29 /* Assets.xcassets */; };
		3FDD38CF244FCD6F006A4C29 /* LaunchScreen.storyboard in Resources */ = {isa = PBXBuildFile; fileRef = 3FDD38CD244FCD6F006A4C29 /* LaunchScreen.storyboard */; };
		3FDD38D7244FF9C1006A4C29 /* TaskViewController.swift in Sources */ = {isa = PBXBuildFile; fileRef = 3FDD38D6244FF9C1006A4C29 /* TaskViewController.swift */; };
		3FDD38D9244FFA03006A4C29 /* NewEntryViewController.swift in Sources */ = {isa = PBXBuildFile; fileRef = 3FDD38D8244FFA03006A4C29 /* NewEntryViewController.swift */; };
/* End PBXBuildFile section */

/* Begin PBXFileReference section */
		3FDD38BF244FCD6D006A4C29 /* TodoTasksApp.app */ = {isa = PBXFileReference; explicitFileType = wrapper.application; includeInIndex = 0; path = TodoTasksApp.app; sourceTree = BUILT_PRODUCTS_DIR; };
		3FDD38C2244FCD6D006A4C29 /* AppDelegate.swift */ = {isa = PBXFileReference; lastKnownFileType = sourcecode.swift; path = AppDelegate.swift; sourceTree = "<group>"; };
		3FDD38C4244FCD6D006A4C29 /* SceneDelegate.swift */ = {isa = PBXFileReference; lastKnownFileType = sourcecode.swift; path = SceneDelegate.swift; sourceTree = "<group>"; };
		3FDD38C6244FCD6D006A4C29 /* TodoViewController.swift */ = {isa = PBXFileReference; lastKnownFileType = sourcecode.swift; path = TodoViewController.swift; sourceTree = "<group>"; };
		3FDD38C9244FCD6D006A4C29 /* Base */ = {isa = PBXFileReference; lastKnownFileType = file.storyboard; name = Base; path = Base.lproj/Main.storyboard; sourceTree = "<group>"; };
		3FDD38CB244FCD6F006A4C29 /* Assets.xcassets */ = {isa = PBXFileReference; lastKnownFileType = folder.assetcatalog; path = Assets.xcassets; sourceTree = "<group>"; };
		3FDD38CE244FCD6F006A4C29 /* Base */ = {isa = PBXFileReference; lastKnownFileType = file.storyboard; name = Base; path = Base.lproj/LaunchScreen.storyboard; sourceTree = "<group>"; };
		3FDD38D0244FCD6F006A4C29 /* Info.plist */ = {isa = PBXFileReference; lastKnownFileType = text.plist.xml; path = Info.plist; sourceTree = "<group>"; };
		3FDD38D6244FF9C1006A4C29 /* TaskViewController.swift */ = {isa = PBXFileReference; lastKnownFileType = sourcecode.swift; path = TaskViewController.swift; sourceTree = "<group>"; };
		3FDD38D8244FFA03006A4C29 /* NewEntryViewController.swift */ = {isa = PBXFileReference; lastKnownFileType = sourcecode.swift; path = NewEntryViewController.swift; sourceTree = "<group>"; };
/* End PBXFileReference section */

/* Begin PBXFrameworksBuildPhase section */
		3FDD38BC244FCD6D006A4C29 /* Frameworks */ = {
			isa = PBXFrameworksBuildPhase;
			buildActionMask = 2147483647;
			files = (
			);
			runOnlyForDeploymentPostprocessing = 0;
		};
/* End PBXFrameworksBuildPhase section */

/* Begin PBXGroup section */
		3FDD38B6244FCD6D006A4C29 = {
			isa = PBXGroup;
			children = (
				3FDD38C1244FCD6D006A4C29 /* TodoTasksApp */,
				3FDD38C0244FCD6D006A4C29 /* Products */,
			);
			sourceTree = "<group>";
		};
		3FDD38C0244FCD6D006A4C29 /* Products */ = {
			isa = PBXGroup;
			children = (
				3FDD38BF244FCD6D006A4C29 /* TodoTasksApp.app */,
			);
			name = Products;
			sourceTree = "<group>";
		};
		3FDD38C1244FCD6D006A4C29 /* TodoTasksApp */ = {
			isa = PBXGroup;
			children = (
				3FDD38C2244FCD6D006A4C29 /* AppDelegate.swift */,
				3FDD38C4244FCD6D006A4C29 /* SceneDelegate.swift */,
				3FDD38C6244FCD6D006A4C29 /* TodoViewController.swift */,
				3FDD38C8244FCD6D006A4C29 /* Main.storyboard */,
				3FDD38CB244FCD6F006A4C29 /* Assets.xcassets */,
				3FDD38CD244FCD6F006A4C29 /* LaunchScreen.storyboard */,
				3FDD38D0244FCD6F006A4C29 /* Info.plist */,
				3FDD38D6244FF9C1006A4C29 /* TaskViewController.swift */,
				3FDD38D8244FFA03006A4C29 /* NewEntryViewController.swift */,
			);
			path = TodoTasksApp;
			sourceTree = "<group>";
		};
/* End PBXGroup section */

/* Begin PBXNativeTarget section */
		3FDD38BE244FCD6D006A4C29 /* TodoTasksApp */ = {
			isa = PBXNativeTarget;
			buildConfigurationList = 3FDD38D3244FCD6F006A4C29 /* Build configuration list for PBXNativeTarget "TodoTasksApp" */;
			buildPhases = (
				3FDD38BB244FCD6D006A4C29 /* Sources */,
				3FDD38BC244FCD6D006A4C29 /* Frameworks */,
				3FDD38BD244FCD6D006A4C29 /* Resources */,
			);
			buildRules = (
			);
			dependencies = (
			);
			name = TodoTasksApp;
			productName = TodoTasksApp;
			productReference = 3FDD38BF244FCD6D006A4C29 /* TodoTasksApp.app */;
			productType = "com.apple.product-type.application";
		};
/* End PBXNativeTarget section */

/* Begin PBXProject section */
		3FDD38B7244FCD6D006A4C29 /* Project object */ = {
			isa = PBXProject;
			attributes = {
				LastSwiftUpdateCheck = 1140;
				LastUpgradeCheck = 1140;
				ORGANIZATIONNAME = "Turk Erdin";
				TargetAttributes = {
					3FDD38BE244FCD6D006A4C29 = {
						CreatedOnToolsVersion = 11.4.1;
					};
				};
			};
			buildConfigurationList = 3FDD38BA244FCD6D006A4C29 /* Build configuration list for PBXProject "TodoTasksApp" */;
			compatibilityVersion = "Xcode 9.3";
			developmentRegion = en;
			hasScannedForEncodings = 0;
			knownRegions = (
				en,
				Base,
			);
			mainGroup = 3FDD38B6244FCD6D006A4C29;
			productRefGroup = 3FDD38C0244FCD6D006A4C29 /* Products */;
			projectDirPath = "";
			projectRoot = "";
			targets = (
				3FDD38BE244FCD6D006A4C29 /* TodoTasksApp */,
			);
		};
/* End PBXProject section */

/* Begin PBXResourcesBuildPhase section */
		3FDD38BD244FCD6D006A4C29 /* Resources */ = {
			isa = PBXResourcesBuildPhase;
			buildActionMask = 2147483647;
			files = (
				3FDD38CF244FCD6F006A4C29 /* LaunchScreen.storyboard in Resources */,
				3FDD38CC244FCD6F006A4C29 /* Assets.xcassets in Resources */,
				3FDD38CA244FCD6D006A4C29 /* Main.storyboard in Resources */,
			);
			runOnlyForDeploymentPostprocessing = 0;
		};
/* End PBXResourcesBuildPhase section */

/* Begin PBXSourcesBuildPhase section */
		3FDD38BB244FCD6D006A4C29 /* Sources */ = {
			isa = PBXSourcesBuildPhase;
			buildActionMask = 2147483647;
			files = (
				3FDD38D9244FFA03006A4C29 /* NewEntryViewController.swift in Sources */,
				3FDD38C7244FCD6D006A4C29 /* TodoViewController.swift in Sources */,
				3FDD38D7244FF9C1006A4C29 /* TaskViewController.swift in Sources */,
				3FDD38C3244FCD6D006A4C29 /* AppDelegate.swift in Sources */,
				3FDD38C5244FCD6D006A4C29 /* SceneDelegate.swift in Sources */,
			);
			runOnlyForDeploymentPostprocessing = 0;
		};
/* End PBXSourcesBuildPhase section */

/* Begin PBXVariantGroup section */
		3FDD38C8244FCD6D006A4C29 /* Main.storyboard */ = {
			isa = PBXVariantGroup;
			children = (
				3FDD38C9244FCD6D006A4C29 /* Base */,
			);
			name = Main.storyboard;
			sourceTree = "<group>";
		};
		3FDD38CD244FCD6F006A4C29 /* LaunchScreen.storyboard */ = {
			isa = PBXVariantGroup;
			children = (
				3FDD38CE244FCD6F006A4C29 /* Base */,
			);
			name = LaunchScreen.storyboard;
			sourceTree = "<group>";
		};
/* End PBXVariantGroup section */

/* Begin XCBuildConfiguration section */
		3FDD38D1244FCD6F006A4C29 /* Debug */ = {
			isa = XCBuildConfiguration;
			buildSettings = {
				ALWAYS_SEARCH_USER_PATHS = NO;
				CLANG_ANALYZER_NONNULL = YES;
				CLANG_ANALYZER_NUMBER_OBJECT_CONVERSION = YES_AGGRESSIVE;
				CLANG_CXX_LANGUAGE_STANDARD = "gnu++14";
				CLANG_CXX_LIBRARY = "libc++";
				CLANG_ENABLE_MODULES = YES;
				CLANG_ENABLE_OBJC_ARC = YES;
				CLANG_ENABLE_OBJC_WEAK = YES;
				CLANG_WARN_BLOCK_CAPTURE_AUTORELEASING = YES;
				CLANG_WARN_BOOL_CONVERSION = YES;
				CLANG_WARN_COMMA = YES;
				CLANG_WARN_CONSTANT_CONVERSION = YES;
				CLANG_WARN_DEPRECATED_OBJC_IMPLEMENTATIONS = YES;
				CLANG_WARN_DIRECT_OBJC_ISA_USAGE = YES_ERROR;
				CLANG_WARN_DOCUMENTATION_COMMENTS = YES;
				CLANG_WARN_EMPTY_BODY = YES;
				CLANG_WARN_ENUM_CONVERSION = YES;
				CLANG_WARN_INFINITE_RECURSION = YES;
				CLANG_WARN_INT_CONVERSION = YES;
				CLANG_WARN_NON_LITERAL_NULL_CONVERSION = YES;
				CLANG_WARN_OBJC_IMPLICIT_RETAIN_SELF = YES;
				CLANG_WARN_OBJC_LITERAL_CONVERSION = YES;
				CLANG_WARN_OBJC_ROOT_CLASS = YES_ERROR;
				CLANG_WARN_RANGE_LOOP_ANALYSIS = YES;
				CLANG_WARN_STRICT_PROTOTYPES = YES;
				CLANG_WARN_SUSPICIOUS_MOVE = YES;
				CLANG_WARN_UNGUARDED_AVAILABILITY = YES_AGGRESSIVE;
				CLANG_WARN_UNREACHABLE_CODE = YES;
				CLANG_WARN__DUPLICATE_METHOD_MATCH = YES;
				COPY_PHASE_STRIP = NO;
				DEBUG_INFORMATION_FORMAT = dwarf;
				ENABLE_STRICT_OBJC_MSGSEND = YES;
				ENABLE_TESTABILITY = YES;
				GCC_C_LANGUAGE_STANDARD = gnu11;
				GCC_DYNAMIC_NO_PIC = NO;
				GCC_NO_COMMON_BLOCKS = YES;
				GCC_OPTIMIZATION_LEVEL = 0;
				GCC_PREPROCESSOR_DEFINITIONS = (
					"DEBUG=1",
					"$(inherited)",
				);
				GCC_WARN_64_TO_32_BIT_CONVERSION = YES;
				GCC_WARN_ABOUT_RETURN_TYPE = YES_ERROR;
				GCC_WARN_UNDECLARED_SELECTOR = YES;
				GCC_WARN_UNINITIALIZED_AUTOS = YES_AGGRESSIVE;
				GCC_WARN_UNUSED_FUNCTION = YES;
				GCC_WARN_UNUSED_VARIABLE = YES;
				IPHONEOS_DEPLOYMENT_TARGET = 13.4;
				MTL_ENABLE_DEBUG_INFO = INCLUDE_SOURCE;
				MTL_FAST_MATH = YES;
				ONLY_ACTIVE_ARCH = YES;
				SDKROOT = iphoneos;
				SWIFT_ACTIVE_COMPILATION_CONDITIONS = DEBUG;
				SWIFT_OPTIMIZATION_LEVEL = "-Onone";
			};
			name = Debug;
		};
		3FDD38D2244FCD6F006A4C29 /* Release */ = {
			isa = XCBuildConfiguration;
			buildSettings = {
				ALWAYS_SEARCH_USER_PATHS = NO;
				CLANG_ANALYZER_NONNULL = YES;
				CLANG_ANALYZER_NUMBER_OBJECT_CONVERSION = YES_AGGRESSIVE;
				CLANG_CXX_LANGUAGE_STANDARD = "gnu++14";
				CLANG_CXX_LIBRARY = "libc++";
				CLANG_ENABLE_MODULES = YES;
				CLANG_ENABLE_OBJC_ARC = YES;
				CLANG_ENABLE_OBJC_WEAK = YES;
				CLANG_WARN_BLOCK_CAPTURE_AUTORELEASING = YES;
				CLANG_WARN_BOOL_CONVERSION = YES;
				CLANG_WARN_COMMA = YES;
				CLANG_WARN_CONSTANT_CONVERSION = YES;
				CLANG_WARN_DEPRECATED_OBJC_IMPLEMENTATIONS = YES;
				CLANG_WARN_DIRECT_OBJC_ISA_USAGE = YES_ERROR;
				CLANG_WARN_DOCUMENTATION_COMMENTS = YES;
				CLANG_WARN_EMPTY_BODY = YES;
				CLANG_WARN_ENUM_CONVERSION = YES;
				CLANG_WARN_INFINITE_RECURSION = YES;
				CLANG_WARN_INT_CONVERSION = YES;
				CLANG_WARN_NON_LITERAL_NULL_CONVERSION = YES;
				CLANG_WARN_OBJC_IMPLICIT_RETAIN_SELF = YES;
				CLANG_WARN_OBJC_LITERAL_CONVERSION = YES;
				CLANG_WARN_OBJC_ROOT_CLASS = YES_ERROR;
				CLANG_WARN_RANGE_LOOP_ANALYSIS = YES;
				CLANG_WARN_STRICT_PROTOTYPES = YES;
				CLANG_WARN_SUSPICIOUS_MOVE = YES;
				CLANG_WARN_UNGUARDED_AVAILABILITY = YES_AGGRESSIVE;
				CLANG_WARN_UNREACHABLE_CODE = YES;
				CLANG_WARN__DUPLICATE_METHOD_MATCH = YES;
				COPY_PHASE_STRIP = NO;
				DEBUG_INFORMATION_FORMAT = "dwarf-with-dsym";
				ENABLE_NS_ASSERTIONS = NO;
				ENABLE_STRICT_OBJC_MSGSEND = YES;
				GCC_C_LANGUAGE_STANDARD = gnu11;
				GCC_NO_COMMON_BLOCKS = YES;
				GCC_WARN_64_TO_32_BIT_CONVERSION = YES;
				GCC_WARN_ABOUT_RETURN_TYPE = YES_ERROR;
				GCC_WARN_UNDECLARED_SELECTOR = YES;
				GCC_WARN_UNINITIALIZED_AUTOS = YES_AGGRESSIVE;
				GCC_WARN_UNUSED_FUNCTION = YES;
				GCC_WARN_UNUSED_VARIABLE = YES;
				IPHONEOS_DEPLOYMENT_TARGET = 13.4;
				MTL_ENABLE_DEBUG_INFO = NO;
				MTL_FAST_MATH = YES;
				SDKROOT = iphoneos;
				SWIFT_COMPILATION_MODE = wholemodule;
				SWIFT_OPTIMIZATION_LEVEL = "-O";
				VALIDATE_PRODUCT = YES;
			};
			name = Release;
		};
		3FDD38D4244FCD6F006A4C29 /* Debug */ = {
			isa = XCBuildConfiguration;
			buildSettings = {
				ASSETCATALOG_COMPILER_APPICON_NAME = AppIcon;
				CODE_SIGN_STYLE = Automatic;
				INFOPLIST_FILE = TodoTasksApp/Info.plist;
				LD_RUNPATH_SEARCH_PATHS = (
					"$(inherited)",
					"@executable_path/Frameworks",
				);
				PRODUCT_BUNDLE_IDENTIFIER = txy.TodoTasksApp;
				PRODUCT_NAME = "$(TARGET_NAME)";
				SWIFT_VERSION = 5.0;
				TARGETED_DEVICE_FAMILY = "1,2";
			};
			name = Debug;
		};
		3FDD38D5244FCD6F006A4C29 /* Release */ = {
			isa = XCBuildConfiguration;
			buildSettings = {
				ASSETCATALOG_COMPILER_APPICON_NAME = AppIcon;
				CODE_SIGN_STYLE = Automatic;
				INFOPLIST_FILE = TodoTasksApp/Info.plist;
				LD_RUNPATH_SEARCH_PATHS = (
					"$(inherited)",
					"@executable_path/Frameworks",
				);
				PRODUCT_BUNDLE_IDENTIFIER = txy.TodoTasksApp;
				PRODUCT_NAME = "$(TARGET_NAME)";
				SWIFT_VERSION = 5.0;
				TARGETED_DEVICE_FAMILY = "1,2";
			};
			name = Release;
		};
/* End XCBuildConfiguration section */

/* Begin XCConfigurationList section */
		3FDD38BA244FCD6D006A4C29 /* Build configuration list for PBXProject "TodoTasksApp" */ = {
			isa = XCConfigurationList;
			buildConfigurations = (
				3FDD38D1244FCD6F006A4C29 /* Debug */,
				3FDD38D2244FCD6F006A4C29 /* Release */,
			);
			defaultConfigurationIsVisible = 0;
			defaultConfigurationName = Release;
		};
		3FDD38D3244FCD6F006A4C29 /* Build configuration list for PBXNativeTarget "TodoTasksApp" */ = {
			isa = XCConfigurationList;
			buildConfigurations = (
				3FDD38D4244FCD6F006A4C29 /* Debug */,
				3FDD38D5244FCD6F006A4C29 /* Release */,
			);
			defaultConfigurationIsVisible = 0;
			defaultConfigurationName = Release;
		};
/* End XCConfigurationList section */
	};
	rootObject = 3FDD38B7244FCD6D006A4C29 /* Project object */;
}
